{
  "name": "@537/config",
  "version": "0.0.2",
  "lockfileVersion": 1,
  "requires": true,
  "dependencies": {
    "@537/spawn": {
      "version": "0.0.5",
      "resolved": "https://registry.npmjs.org/@537/spawn/-/spawn-0.0.5.tgz",
      "integrity": "sha512-0C6pAQP4WUef16KDgqsVnEoFKu74Ajc8jrnzu320TnfMsB0XKWBb2emCY0p59CPdAKMHGc77nVVZEydDng5rqA==",
      "dev": true
    }
  }
}
